
Microsoft Visual Studio Solution File, Format Version 12.00
# Visual Studio Version 16
VisualStudioVersion = 16.0.29709.97
MinimumVisualStudioVersion = 10.0.40219.1
Project("{FAE04EC0-301F-11D3-BF4B-00C04F79EFBC}") = "Planets", "Planets\Planets.csproj", "{0B5BFF04-A542-4CB7-8747-547F36C42764}"
EndProject
Global
	GlobalSection(SolutionConfigurationPlatforms) = preSolution
		Debug|Any CPU = Debug|Any CPU
		Release|Any CPU = Release|Any CPU
	EndGlobalSection
	GlobalSection(ProjectConfigurationPlatforms) = postSolution
		{0B5BFF04-A542-4CB7-8747-547F36C42764}.Debug|Any CPU.ActiveCfg = Debug|Any CPU
		{0B5BFF04-A542-4CB7-8747-547F36C42764}.Debug|Any CPU.Build.0 = Debug|Any CPU
		{0B5BFF04-A542-4CB7-8747-547F36C42764}.Release|Any CPU.ActiveCfg = Release|Any CPU
		{0B5BFF04-A542-4CB7-8747-547F36C42764}.Release|Any CPU.Build.0 = Release|Any CPU
	EndGlobalSection
	GlobalSection(SolutionProperties) = preSolution
		HideSolutionNode = FALSE
	EndGlobalSection
	GlobalSection(ExtensibilityGlobals) = postSolution
		SolutionGuid = {3BF57D23-B563-427D-93C7-0F3FE898B026}
	EndGlobalSection
EndGlobal
